# This file was autogenerated by Stack.
# You should not edit this file by hand.
# For more information, please see the documentation at:
#   https://docs.haskellstack.org/en/stable/lock_files

packages:
- completed:
    hackage: clash-prelude-1.8.1@sha256:c3fbb9f6b8e74140fb3d5c4d59ec84cfe4a53e9f8520e606c187cfc04b149065,17626
    pantry-tree:
      sha256: 189a67c035b1e18188a33ad003f386c2baf15363e55fef35d2546be43d00e213
      size: 13511
  original:
    hackage: clash-prelude-1.8.1
- completed:
    hackage: clash-lib-1.8.1@sha256:17d78e786dedf16a76394cd5813372870a3d70a1a4c7f964309f126b800e90f6,15693
    pantry-tree:
      sha256: 622764296ca18046991406e7e2a2b0ae08485cb440623bfe44cefd896f11a4cb
      size: 23320
  original:
    hackage: clash-lib-1.8.1
- completed:
    hackage: clash-ghc-1.8.1@sha256:3bab304fa5584f3541650bddd01160f2710b9ced52e52c06481a91ac73d71bb8,9753
    pantry-tree:
      sha256: 7ed7168cb8383f86eb0f8f97409c0af484ea9b645a0e9fd416115483932ce695
      size: 5655
  original:
    hackage: clash-ghc-1.8.1
snapshots:
- completed:
    sha256: ad2884d5d84ed4ea576897103606212da3be693eef30591efe2d8d2965895500
    size: 714105
    url: https://raw.githubusercontent.com/commercialhaskell/stackage-snapshots/master/lts/22/9.yaml
  original: lts-22.9
